
Microsoft Visual Studio Solution File, Format Version 12.00
# Visual Studio Version 17
VisualStudioVersion = 17.0.32112.339
MinimumVisualStudioVersion = 10.0.40219.1
Project("{9A19103F-16F7-4668-BE54-9A1E7A4F7556}") = "UI.Main", "src\UI.Main\UI.Main.csproj", "{1C7F813A-4CD3-4F7D-A110-AB65608633FE}"
EndProject
Project("{9A19103F-16F7-4668-BE54-9A1E7A4F7556}") = "Files", "src\Files\Files.csproj", "{0DE2B53B-F1A7-4CB4-BEB1-E95302D51597}"
EndProject
Project("{9A19103F-16F7-4668-BE54-9A1E7A4F7556}") = "Executables.Old", "src\Executables.Old\Executables.Old.csproj", "{8B99A22B-0C52-46EA-BA73-762F4AE37BA8}"
EndProject
Project("{9A19103F-16F7-4668-BE54-9A1E7A4F7556}") = "Configuration", "src\Configuration\Configuration.csproj", "{724C1166-4270-4EE1-8F7E-212489914D99}"
EndProject
Project("{9A19103F-16F7-4668-BE54-9A1E7A4F7556}") = "StaticData", "src\StaticData\StaticData.csproj", "{2E780194-0A66-499D-9D4A-1FB537B2D8EA}"
EndProject
Global
	GlobalSection(SolutionConfigurationPlatforms) = preSolution
		Debug|Any CPU = Debug|Any CPU
		Release|Any CPU = Release|Any CPU
	EndGlobalSection
	GlobalSection(ProjectConfigurationPlatforms) = postSolution
		{1C7F813A-4CD3-4F7D-A110-AB65608633FE}.Debug|Any CPU.ActiveCfg = Debug|Any CPU
		{1C7F813A-4CD3-4F7D-A110-AB65608633FE}.Debug|Any CPU.Build.0 = Debug|Any CPU
		{1C7F813A-4CD3-4F7D-A110-AB65608633FE}.Release|Any CPU.ActiveCfg = Release|Any CPU
		{1C7F813A-4CD3-4F7D-A110-AB65608633FE}.Release|Any CPU.Build.0 = Release|Any CPU
		{0DE2B53B-F1A7-4CB4-BEB1-E95302D51597}.Debug|Any CPU.ActiveCfg = Debug|Any CPU
		{0DE2B53B-F1A7-4CB4-BEB1-E95302D51597}.Debug|Any CPU.Build.0 = Debug|Any CPU
		{0DE2B53B-F1A7-4CB4-BEB1-E95302D51597}.Release|Any CPU.ActiveCfg = Release|Any CPU
		{0DE2B53B-F1A7-4CB4-BEB1-E95302D51597}.Release|Any CPU.Build.0 = Release|Any CPU
		{8B99A22B-0C52-46EA-BA73-762F4AE37BA8}.Debug|Any CPU.ActiveCfg = Debug|Any CPU
		{8B99A22B-0C52-46EA-BA73-762F4AE37BA8}.Debug|Any CPU.Build.0 = Debug|Any CPU
		{8B99A22B-0C52-46EA-BA73-762F4AE37BA8}.Release|Any CPU.ActiveCfg = Release|Any CPU
		{8B99A22B-0C52-46EA-BA73-762F4AE37BA8}.Release|Any CPU.Build.0 = Release|Any CPU
		{724C1166-4270-4EE1-8F7E-212489914D99}.Debug|Any CPU.ActiveCfg = Debug|Any CPU
		{724C1166-4270-4EE1-8F7E-212489914D99}.Debug|Any CPU.Build.0 = Debug|Any CPU
		{724C1166-4270-4EE1-8F7E-212489914D99}.Release|Any CPU.ActiveCfg = Release|Any CPU
		{724C1166-4270-4EE1-8F7E-212489914D99}.Release|Any CPU.Build.0 = Release|Any CPU
		{2E780194-0A66-499D-9D4A-1FB537B2D8EA}.Debug|Any CPU.ActiveCfg = Debug|Any CPU
		{2E780194-0A66-499D-9D4A-1FB537B2D8EA}.Debug|Any CPU.Build.0 = Debug|Any CPU
		{2E780194-0A66-499D-9D4A-1FB537B2D8EA}.Release|Any CPU.ActiveCfg = Release|Any CPU
		{2E780194-0A66-499D-9D4A-1FB537B2D8EA}.Release|Any CPU.Build.0 = Release|Any CPU
	EndGlobalSection
	GlobalSection(SolutionProperties) = preSolution
		HideSolutionNode = FALSE
	EndGlobalSection
	GlobalSection(ExtensibilityGlobals) = postSolution
		SolutionGuid = {A789394D-6811-4553-A9FF-85D7466F45F7}
	EndGlobalSection
EndGlobal
